
Microsoft Visual Studio Solution File, Format Version 12.00
# Visual Studio Version 16
VisualStudioVersion = 16.0.34114.132
MinimumVisualStudioVersion = 10.0.40219.1
Project("{FAE04EC0-301F-11D3-BF4B-00C04F79EFBC}") = "SalesWebMvc", "SalesWebMvc\SalesWebMvc.csproj", "{891971E0-B96F-4F9A-83F0-B94F1DFA92BA}"
EndProject
Global
	GlobalSection(SolutionConfigurationPlatforms) = preSolution
		Debug|Any CPU = Debug|Any CPU
		Release|Any CPU = Release|Any CPU
	EndGlobalSection
	GlobalSection(ProjectConfigurationPlatforms) = postSolution
		{891971E0-B96F-4F9A-83F0-B94F1DFA92BA}.Debug|Any CPU.ActiveCfg = Debug|Any CPU
		{891971E0-B96F-4F9A-83F0-B94F1DFA92BA}.Debug|Any CPU.Build.0 = Debug|Any CPU
		{891971E0-B96F-4F9A-83F0-B94F1DFA92BA}.Release|Any CPU.ActiveCfg = Release|Any CPU
		{891971E0-B96F-4F9A-83F0-B94F1DFA92BA}.Release|Any CPU.Build.0 = Release|Any CPU
	EndGlobalSection
	GlobalSection(SolutionProperties) = preSolution
		HideSolutionNode = FALSE
	EndGlobalSection
	GlobalSection(ExtensibilityGlobals) = postSolution
		SolutionGuid = {41703258-FAE4-43AE-8FD7-D15EFC383C02}
	EndGlobalSection
EndGlobal
